// !$*UTF8*$!
{
	archiveVersion = 1;
	classes = {
	};
	objectVersion = 50;
	objects = {

/* Begin PBXBuildFile section */
		D367F80420B3104100A35400 /* Block.swift in Sources */ = {isa = PBXBuildFile; fileRef = D367F80320B3104100A35400 /* Block.swift */; };
		D367F80620B3105000A35400 /* Blockchain.swift in Sources */ = {isa = PBXBuildFile; fileRef = D367F80520B3105000A35400 /* Blockchain.swift */; };
		D367F80820B310BC00A35400 /* Transation.swift in Sources */ = {isa = PBXBuildFile; fileRef = D367F80720B310BC00A35400 /* Transation.swift */; };
		D367F80A20B3124100A35400 /* Cartfile in Resources */ = {isa = PBXBuildFile; fileRef = D367F80920B3124100A35400 /* Cartfile */; };
		D367F80E20B313A900A35400 /* CryptoSwift.framework in Frameworks */ = {isa = PBXBuildFile; fileRef = D367F80D20B313A900A35400 /* CryptoSwift.framework */; };
		D367F81120B3166F00A35400 /* Cartfile.resolved in Resources */ = {isa = PBXBuildFile; fileRef = D367F81020B3166F00A35400 /* Cartfile.resolved */; };
		D3F6329720B30E1B0030E9FA /* AppDelegate.swift in Sources */ = {isa = PBXBuildFile; fileRef = D3F6329620B30E1B0030E9FA /* AppDelegate.swift */; };
		D3F6329920B30E1B0030E9FA /* ViewController.swift in Sources */ = {isa = PBXBuildFile; fileRef = D3F6329820B30E1B0030E9FA /* ViewController.swift */; };
		D3F6329C20B30E1B0030E9FA /* Main.storyboard in Resources */ = {isa = PBXBuildFile; fileRef = D3F6329A20B30E1B0030E9FA /* Main.storyboard */; };
		D3F6329E20B30E1C0030E9FA /* Assets.xcassets in Resources */ = {isa = PBXBuildFile; fileRef = D3F6329D20B30E1C0030E9FA /* Assets.xcassets */; };
		D3F632A120B30E1C0030E9FA /* LaunchScreen.storyboard in Resources */ = {isa = PBXBuildFile; fileRef = D3F6329F20B30E1C0030E9FA /* LaunchScreen.storyboard */; };
		D3F632AC20B30E1C0030E9FA /* BlockchainSwiftTests.swift in Sources */ = {isa = PBXBuildFile; fileRef = D3F632AB20B30E1C0030E9FA /* BlockchainSwiftTests.swift */; };
		D3F632B720B30E1C0030E9FA /* BlockchainSwiftUITests.swift in Sources */ = {isa = PBXBuildFile; fileRef = D3F632B620B30E1C0030E9FA /* BlockchainSwiftUITests.swift */; };
/* End PBXBuildFile section */

/* Begin PBXContainerItemProxy section */
		D3F632A820B30E1C0030E9FA /* PBXContainerItemProxy */ = {
			isa = PBXContainerItemProxy;
			containerPortal = D3F6328B20B30E1B0030E9FA /* Project object */;
			proxyType = 1;
			remoteGlobalIDString = D3F6329220B30E1B0030E9FA;
			remoteInfo = BlockchainSwift;
		};
		D3F632B320B30E1C0030E9FA /* PBXContainerItemProxy */ = {
			isa = PBXContainerItemProxy;
			containerPortal = D3F6328B20B30E1B0030E9FA /* Project object */;
			proxyType = 1;
			remoteGlobalIDString = D3F6329220B30E1B0030E9FA;
			remoteInfo = BlockchainSwift;
		};
/* End PBXContainerItemProxy section */

/* Begin PBXFileReference section */
		D367F80320B3104100A35400 /* Block.swift */ = {isa = PBXFileReference; lastKnownFileType = sourcecode.swift; path = Block.swift; sourceTree = "<group>"; };
		D367F80520B3105000A35400 /* Blockchain.swift */ = {isa = PBXFileReference; lastKnownFileType = sourcecode.swift; path = Blockchain.swift; sourceTree = "<group>"; };
		D367F80720B310BC00A35400 /* Transation.swift */ = {isa = PBXFileReference; lastKnownFileType = sourcecode.swift; path = Transation.swift; sourceTree = "<group>"; };
		D367F80920B3124100A35400 /* Cartfile */ = {isa = PBXFileReference; fileEncoding = 4; lastKnownFileType = text; path = Cartfile; sourceTree = SOURCE_ROOT; };
		D367F80D20B313A900A35400 /* CryptoSwift.framework */ = {isa = PBXFileReference; lastKnownFileType = wrapper.framework; name = CryptoSwift.framework; path = Carthage/Build/iOS/CryptoSwift.framework; sourceTree = "<group>"; };
		D367F81020B3166F00A35400 /* Cartfile.resolved */ = {isa = PBXFileReference; fileEncoding = 4; lastKnownFileType = text; path = Cartfile.resolved; sourceTree = SOURCE_ROOT; };
		D3F6329320B30E1B0030E9FA /* BlockchainSwift.app */ = {isa = PBXFileReference; explicitFileType = wrapper.application; includeInIndex = 0; path = BlockchainSwift.app; sourceTree = BUILT_PRODUCTS_DIR; };
		D3F6329620B30E1B0030E9FA /* AppDelegate.swift */ = {isa = PBXFileReference; lastKnownFileType = sourcecode.swift; path = AppDelegate.swift; sourceTree = "<group>"; };
		D3F6329820B30E1B0030E9FA /* ViewController.swift */ = {isa = PBXFileReference; lastKnownFileType = sourcecode.swift; path = ViewController.swift; sourceTree = "<group>"; };
		D3F6329B20B30E1B0030E9FA /* Base */ = {isa = PBXFileReference; lastKnownFileType = file.storyboard; name = Base; path = Base.lproj/Main.storyboard; sourceTree = "<group>"; };
		D3F6329D20B30E1C0030E9FA /* Assets.xcassets */ = {isa = PBXFileReference; lastKnownFileType = folder.assetcatalog; path = Assets.xcassets; sourceTree = "<group>"; };
		D3F632A020B30E1C0030E9FA /* Base */ = {isa = PBXFileReference; lastKnownFileType = file.storyboard; name = Base; path = Base.lproj/LaunchScreen.storyboard; sourceTree = "<group>"; };
		D3F632A220B30E1C0030E9FA /* Info.plist */ = {isa = PBXFileReference; lastKnownFileType = text.plist.xml; path = Info.plist; sourceTree = "<group>"; };
		D3F632A720B30E1C0030E9FA /* BlockchainSwiftTests.xctest */ = {isa = PBXFileReference; explicitFileType = wrapper.cfbundle; includeInIndex = 0; path = BlockchainSwiftTests.xctest; sourceTree = BUILT_PRODUCTS_DIR; };
		D3F632AB20B30E1C0030E9FA /* BlockchainSwiftTests.swift */ = {isa = PBXFileReference; lastKnownFileType = sourcecode.swift; path = BlockchainSwiftTests.swift; sourceTree = "<group>"; };
		D3F632AD20B30E1C0030E9FA /* Info.plist */ = {isa = PBXFileReference; lastKnownFileType = text.plist.xml; path = Info.plist; sourceTree = "<group>"; };
		D3F632B220B30E1C0030E9FA /* BlockchainSwiftUITests.xctest */ = {isa = PBXFileReference; explicitFileType = wrapper.cfbundle; includeInIndex = 0; path = BlockchainSwiftUITests.xctest; sourceTree = BUILT_PRODUCTS_DIR; };
		D3F632B620B30E1C0030E9FA /* BlockchainSwiftUITests.swift */ = {isa = PBXFileReference; lastKnownFileType = sourcecode.swift; path = BlockchainSwiftUITests.swift; sourceTree = "<group>"; };
		D3F632B820B30E1C0030E9FA /* Info.plist */ = {isa = PBXFileReference; lastKnownFileType = text.plist.xml; path = Info.plist; sourceTree = "<group>"; };
/* End PBXFileReference section */

/* Begin PBXFrameworksBuildPhase section */
		D3F6329020B30E1B0030E9FA /* Frameworks */ = {
			isa = PBXFrameworksBuildPhase;
			buildActionMask = 2147483647;
			files = (
				D367F80E20B313A900A35400 /* CryptoSwift.framework in Frameworks */,
			);
			runOnlyForDeploymentPostprocessing = 0;
		};
		D3F632A420B30E1C0030E9FA /* Frameworks */ = {
			isa = PBXFrameworksBuildPhase;
			buildActionMask = 2147483647;
			files = (
			);
			runOnlyForDeploymentPostprocessing = 0;
		};
		D3F632AF20B30E1C0030E9FA /* Frameworks */ = {
			isa = PBXFrameworksBuildPhase;
			buildActionMask = 2147483647;
			files = (
			);
			runOnlyForDeploymentPostprocessing = 0;
		};
/* End PBXFrameworksBuildPhase section */

/* Begin PBXGroup section */
		D367F80C20B313A800A35400 /* Frameworks */ = {
			isa = PBXGroup;
			children = (
				D367F80D20B313A900A35400 /* CryptoSwift.framework */,
			);
			name = Frameworks;
			sourceTree = "<group>";
		};
		D3B4495B20B30ECB00E49D11 /* Supporting Files */ = {
			isa = PBXGroup;
			children = (
				D3F6329A20B30E1B0030E9FA /* Main.storyboard */,
				D3F6329D20B30E1C0030E9FA /* Assets.xcassets */,
				D3F6329F20B30E1C0030E9FA /* LaunchScreen.storyboard */,
				D3F632A220B30E1C0030E9FA /* Info.plist */,
				D367F80920B3124100A35400 /* Cartfile */,
				D367F81020B3166F00A35400 /* Cartfile.resolved */,
			);
			name = "Supporting Files";
			sourceTree = "<group>";
		};
		D3B4495C20B30FC600E49D11 /* Sources */ = {
			isa = PBXGroup;
			children = (
				D367F80320B3104100A35400 /* Block.swift */,
				D367F80520B3105000A35400 /* Blockchain.swift */,
				D367F80720B310BC00A35400 /* Transation.swift */,
			);
			path = Sources;
			sourceTree = "<group>";
		};
		D3F6328A20B30E1B0030E9FA = {
			isa = PBXGroup;
			children = (
				D3F6329520B30E1B0030E9FA /* BlockchainSwift */,
				D3F632AA20B30E1C0030E9FA /* BlockchainSwiftTests */,
				D3F632B520B30E1C0030E9FA /* BlockchainSwiftUITests */,
				D3F6329420B30E1B0030E9FA /* Products */,
				D367F80C20B313A800A35400 /* Frameworks */,
			);
			sourceTree = "<group>";
		};
		D3F6329420B30E1B0030E9FA /* Products */ = {
			isa = PBXGroup;
			children = (
				D3F6329320B30E1B0030E9FA /* BlockchainSwift.app */,
				D3F632A720B30E1C0030E9FA /* BlockchainSwiftTests.xctest */,
				D3F632B220B30E1C0030E9FA /* BlockchainSwiftUITests.xctest */,
			);
			name = Products;
			sourceTree = "<group>";
		};
		D3F6329520B30E1B0030E9FA /* BlockchainSwift */ = {
			isa = PBXGroup;
			children = (
				D3F6329620B30E1B0030E9FA /* AppDelegate.swift */,
				D3F6329820B30E1B0030E9FA /* ViewController.swift */,
				D3B4495C20B30FC600E49D11 /* Sources */,
				D3B4495B20B30ECB00E49D11 /* Supporting Files */,
			);
			path = BlockchainSwift;
			sourceTree = "<group>";
		};
		D3F632AA20B30E1C0030E9FA /* BlockchainSwiftTests */ = {
			isa = PBXGroup;
			children = (
				D3F632AB20B30E1C0030E9FA /* BlockchainSwiftTests.swift */,
				D3F632AD20B30E1C0030E9FA /* Info.plist */,
			);
			path = BlockchainSwiftTests;
			sourceTree = "<group>";
		};
		D3F632B520B30E1C0030E9FA /* BlockchainSwiftUITests */ = {
			isa = PBXGroup;
			children = (
				D3F632B620B30E1C0030E9FA /* BlockchainSwiftUITests.swift */,
				D3F632B820B30E1C0030E9FA /* Info.plist */,
			);
			path = BlockchainSwiftUITests;
			sourceTree = "<group>";
		};
/* End PBXGroup section */

/* Begin PBXNativeTarget section */
		D3F6329220B30E1B0030E9FA /* BlockchainSwift */ = {
			isa = PBXNativeTarget;
			buildConfigurationList = D3F632BB20B30E1C0030E9FA /* Build configuration list for PBXNativeTarget "BlockchainSwift" */;
			buildPhases = (
				D3F6328F20B30E1B0030E9FA /* Sources */,
				D3F6329020B30E1B0030E9FA /* Frameworks */,
				D3F6329120B30E1B0030E9FA /* Resources */,
				D367F80B20B3135800A35400 /* ShellScript */,
				D367F80F20B3141F00A35400 /* ShellScript */,
			);
			buildRules = (
			);
			dependencies = (
			);
			name = BlockchainSwift;
			productName = BlockchainSwift;
			productReference = D3F6329320B30E1B0030E9FA /* BlockchainSwift.app */;
			productType = "com.apple.product-type.application";
		};
		D3F632A620B30E1C0030E9FA /* BlockchainSwiftTests */ = {
			isa = PBXNativeTarget;
			buildConfigurationList = D3F632BE20B30E1C0030E9FA /* Build configuration list for PBXNativeTarget "BlockchainSwiftTests" */;
			buildPhases = (
				D3F632A320B30E1C0030E9FA /* Sources */,
				D3F632A420B30E1C0030E9FA /* Frameworks */,
				D3F632A520B30E1C0030E9FA /* Resources */,
			);
			buildRules = (
			);
			dependencies = (
				D3F632A920B30E1C0030E9FA /* PBXTargetDependency */,
			);
			name = BlockchainSwiftTests;
			productName = BlockchainSwiftTests;
			productReference = D3F632A720B30E1C0030E9FA /* BlockchainSwiftTests.xctest */;
			productType = "com.apple.product-type.bundle.unit-test";
		};
		D3F632B120B30E1C0030E9FA /* BlockchainSwiftUITests */ = {
			isa = PBXNativeTarget;
			buildConfigurationList = D3F632C120B30E1C0030E9FA /* Build configuration list for PBXNativeTarget "BlockchainSwiftUITests" */;
			buildPhases = (
				D3F632AE20B30E1C0030E9FA /* Sources */,
				D3F632AF20B30E1C0030E9FA /* Frameworks */,
				D3F632B020B30E1C0030E9FA /* Resources */,
			);
			buildRules = (
			);
			dependencies = (
				D3F632B420B30E1C0030E9FA /* PBXTargetDependency */,
			);
			name = BlockchainSwiftUITests;
			productName = BlockchainSwiftUITests;
			productReference = D3F632B220B30E1C0030E9FA /* BlockchainSwiftUITests.xctest */;
			productType = "com.apple.product-type.bundle.ui-testing";
		};
/* End PBXNativeTarget section */

/* Begin PBXProject section */
		D3F6328B20B30E1B0030E9FA /* Project object */ = {
			isa = PBXProject;
			attributes = {
				LastSwiftUpdateCheck = 0930;
				LastUpgradeCheck = 0930;
				ORGANIZATIONNAME = "Xin Hong";
				TargetAttributes = {
					D3F6329220B30E1B0030E9FA = {
						CreatedOnToolsVersion = 9.3.1;
					};
					D3F632A620B30E1C0030E9FA = {
						CreatedOnToolsVersion = 9.3.1;
						TestTargetID = D3F6329220B30E1B0030E9FA;
					};
					D3F632B120B30E1C0030E9FA = {
						CreatedOnToolsVersion = 9.3.1;
						TestTargetID = D3F6329220B30E1B0030E9FA;
					};
				};
			};
			buildConfigurationList = D3F6328E20B30E1B0030E9FA /* Build configuration list for PBXProject "BlockchainSwift" */;
			compatibilityVersion = "Xcode 9.3";
			developmentRegion = en;
			hasScannedForEncodings = 0;
			knownRegions = (
				en,
				Base,
			);
			mainGroup = D3F6328A20B30E1B0030E9FA;
			productRefGroup = D3F6329420B30E1B0030E9FA /* Products */;
			projectDirPath = "";
			projectRoot = "";
			targets = (
				D3F6329220B30E1B0030E9FA /* BlockchainSwift */,
				D3F632A620B30E1C0030E9FA /* BlockchainSwiftTests */,
				D3F632B120B30E1C0030E9FA /* BlockchainSwiftUITests */,
			);
		};
/* End PBXProject section */

/* Begin PBXResourcesBuildPhase section */
		D3F6329120B30E1B0030E9FA /* Resources */ = {
			isa = PBXResourcesBuildPhase;
			buildActionMask = 2147483647;
			files = (
				D3F632A120B30E1C0030E9FA /* LaunchScreen.storyboard in Resources */,
				D3F6329E20B30E1C0030E9FA /* Assets.xcassets in Resources */,
				D367F80A20B3124100A35400 /* Cartfile in Resources */,
				D367F81120B3166F00A35400 /* Cartfile.resolved in Resources */,
				D3F6329C20B30E1B0030E9FA /* Main.storyboard in Resources */,
			);
			runOnlyForDeploymentPostprocessing = 0;
		};
		D3F632A520B30E1C0030E9FA /* Resources */ = {
			isa = PBXResourcesBuildPhase;
			buildActionMask = 2147483647;
			files = (
			);
			runOnlyForDeploymentPostprocessing = 0;
		};
		D3F632B020B30E1C0030E9FA /* Resources */ = {
			isa = PBXResourcesBuildPhase;
			buildActionMask = 2147483647;
			files = (
			);
			runOnlyForDeploymentPostprocessing = 0;
		};
/* End PBXResourcesBuildPhase section */

/* Begin PBXShellScriptBuildPhase section */
		D367F80B20B3135800A35400 /* ShellScript */ = {
			isa = PBXShellScriptBuildPhase;
			buildActionMask = 2147483647;
			files = (
			);
			inputPaths = (
				"$(SRCROOT)/Carthage/Build/iOS/CryptoSwift.framework",
			);
			outputPaths = (
			);
			runOnlyForDeploymentPostprocessing = 0;
			shellPath = /bin/sh;
			shellScript = "/usr/local/bin/carthage copy-frameworks";
		};
		D367F80F20B3141F00A35400 /* ShellScript */ = {
			isa = PBXShellScriptBuildPhase;
			buildActionMask = 2147483647;
			files = (
			);
			inputPaths = (
			);
			outputPaths = (
			);
			runOnlyForDeploymentPostprocessing = 0;
			shellPath = /bin/sh;
			shellScript = "if which swiftlint >/dev/null; then\n    swiftlint\nelse\n    echo \"warning: SwiftLint not installed, download from https://github.com/realm/SwiftLint\"\nfi";
		};
/* End PBXShellScriptBuildPhase section */

/* Begin PBXSourcesBuildPhase section */
		D3F6328F20B30E1B0030E9FA /* Sources */ = {
			isa = PBXSourcesBuildPhase;
			buildActionMask = 2147483647;
			files = (
				D367F80420B3104100A35400 /* Block.swift in Sources */,
				D367F80820B310BC00A35400 /* Transation.swift in Sources */,
				D367F80620B3105000A35400 /* Blockchain.swift in Sources */,
				D3F6329920B30E1B0030E9FA /* ViewController.swift in Sources */,
				D3F6329720B30E1B0030E9FA /* AppDelegate.swift in Sources */,
			);
			runOnlyForDeploymentPostprocessing = 0;
		};
		D3F632A320B30E1C0030E9FA /* Sources */ = {
			isa = PBXSourcesBuildPhase;
			buildActionMask = 2147483647;
			files = (
				D3F632AC20B30E1C0030E9FA /* BlockchainSwiftTests.swift in Sources */,
			);
			runOnlyForDeploymentPostprocessing = 0;
		};
		D3F632AE20B30E1C0030E9FA /* Sources */ = {
			isa = PBXSourcesBuildPhase;
			buildActionMask = 2147483647;
			files = (
				D3F632B720B30E1C0030E9FA /* BlockchainSwiftUITests.swift in Sources */,
			);
			runOnlyForDeploymentPostprocessing = 0;
		};
/* End PBXSourcesBuildPhase section */

/* Begin PBXTargetDependency section */
		D3F632A920B30E1C0030E9FA /* PBXTargetDependency */ = {
			isa = PBXTargetDependency;
			target = D3F6329220B30E1B0030E9FA /* BlockchainSwift */;
			targetProxy = D3F632A820B30E1C0030E9FA /* PBXContainerItemProxy */;
		};
		D3F632B420B30E1C0030E9FA /* PBXTargetDependency */ = {
			isa = PBXTargetDependency;
			target = D3F6329220B30E1B0030E9FA /* BlockchainSwift */;
			targetProxy = D3F632B320B30E1C0030E9FA /* PBXContainerItemProxy */;
		};
/* End PBXTargetDependency section */

/* Begin PBXVariantGroup section */
		D3F6329A20B30E1B0030E9FA /* Main.storyboard */ = {
			isa = PBXVariantGroup;
			children = (
				D3F6329B20B30E1B0030E9FA /* Base */,
			);
			name = Main.storyboard;
			sourceTree = "<group>";
		};
		D3F6329F20B30E1C0030E9FA /* LaunchScreen.storyboard */ = {
			isa = PBXVariantGroup;
			children = (
				D3F632A020B30E1C0030E9FA /* Base */,
			);
			name = LaunchScreen.storyboard;
			sourceTree = "<group>";
		};
/* End PBXVariantGroup section */

/* Begin XCBuildConfiguration section */
		D3F632B920B30E1C0030E9FA /* Debug */ = {
			isa = XCBuildConfiguration;
			buildSettings = {
				ALWAYS_SEARCH_USER_PATHS = NO;
				CLANG_ANALYZER_NONNULL = YES;
				CLANG_ANALYZER_NUMBER_OBJECT_CONVERSION = YES_AGGRESSIVE;
				CLANG_CXX_LANGUAGE_STANDARD = "gnu++14";
				CLANG_CXX_LIBRARY = "libc++";
				CLANG_ENABLE_MODULES = YES;
				CLANG_ENABLE_OBJC_ARC = YES;
				CLANG_ENABLE_OBJC_WEAK = YES;
				CLANG_WARN_BLOCK_CAPTURE_AUTORELEASING = YES;
				CLANG_WARN_BOOL_CONVERSION = YES;
				CLANG_WARN_COMMA = YES;
				CLANG_WARN_CONSTANT_CONVERSION = YES;
				CLANG_WARN_DEPRECATED_OBJC_IMPLEMENTATIONS = YES;
				CLANG_WARN_DIRECT_OBJC_ISA_USAGE = YES_ERROR;
				CLANG_WARN_DOCUMENTATION_COMMENTS = YES;
				CLANG_WARN_EMPTY_BODY = YES;
				CLANG_WARN_ENUM_CONVERSION = YES;
				CLANG_WARN_INFINITE_RECURSION = YES;
				CLANG_WARN_INT_CONVERSION = YES;
				CLANG_WARN_NON_LITERAL_NULL_CONVERSION = YES;
				CLANG_WARN_OBJC_IMPLICIT_RETAIN_SELF = YES;
				CLANG_WARN_OBJC_LITERAL_CONVERSION = YES;
				CLANG_WARN_OBJC_ROOT_CLASS = YES_ERROR;
				CLANG_WARN_RANGE_LOOP_ANALYSIS = YES;
				CLANG_WARN_STRICT_PROTOTYPES = YES;
				CLANG_WARN_SUSPICIOUS_MOVE = YES;
				CLANG_WARN_UNGUARDED_AVAILABILITY = YES_AGGRESSIVE;
				CLANG_WARN_UNREACHABLE_CODE = YES;
				CLANG_WARN__DUPLICATE_METHOD_MATCH = YES;
				CODE_SIGN_IDENTITY = "iPhone Developer";
				COPY_PHASE_STRIP = NO;
				DEBUG_INFORMATION_FORMAT = dwarf;
				ENABLE_STRICT_OBJC_MSGSEND = YES;
				ENABLE_TESTABILITY = YES;
				GCC_C_LANGUAGE_STANDARD = gnu11;
				GCC_DYNAMIC_NO_PIC = NO;
				GCC_NO_COMMON_BLOCKS = YES;
				GCC_OPTIMIZATION_LEVEL = 0;
				GCC_PREPROCESSOR_DEFINITIONS = (
					"DEBUG=1",
					"$(inherited)",
				);
				GCC_WARN_64_TO_32_BIT_CONVERSION = YES;
				GCC_WARN_ABOUT_RETURN_TYPE = YES_ERROR;
				GCC_WARN_UNDECLARED_SELECTOR = YES;
				GCC_WARN_UNINITIALIZED_AUTOS = YES_AGGRESSIVE;
				GCC_WARN_UNUSED_FUNCTION = YES;
				GCC_WARN_UNUSED_VARIABLE = YES;
				IPHONEOS_DEPLOYMENT_TARGET = 10.0;
				MTL_ENABLE_DEBUG_INFO = YES;
				ONLY_ACTIVE_ARCH = YES;
				SDKROOT = iphoneos;
				SWIFT_ACTIVE_COMPILATION_CONDITIONS = DEBUG;
				SWIFT_OPTIMIZATION_LEVEL = "-Onone";
			};
			name = Debug;
		};
		D3F632BA20B30E1C0030E9FA /* Release */ = {
			isa = XCBuildConfiguration;
			buildSettings = {
				ALWAYS_SEARCH_USER_PATHS = NO;
				CLANG_ANALYZER_NONNULL = YES;
				CLANG_ANALYZER_NUMBER_OBJECT_CONVERSION = YES_AGGRESSIVE;
				CLANG_CXX_LANGUAGE_STANDARD = "gnu++14";
				CLANG_CXX_LIBRARY = "libc++";
				CLANG_ENABLE_MODULES = YES;
				CLANG_ENABLE_OBJC_ARC = YES;
				CLANG_ENABLE_OBJC_WEAK = YES;
				CLANG_WARN_BLOCK_CAPTURE_AUTORELEASING = YES;
				CLANG_WARN_BOOL_CONVERSION = YES;
				CLANG_WARN_COMMA = YES;
				CLANG_WARN_CONSTANT_CONVERSION = YES;
				CLANG_WARN_DEPRECATED_OBJC_IMPLEMENTATIONS = YES;
				CLANG_WARN_DIRECT_OBJC_ISA_USAGE = YES_ERROR;
				CLANG_WARN_DOCUMENTATION_COMMENTS = YES;
				CLANG_WARN_EMPTY_BODY = YES;
				CLANG_WARN_ENUM_CONVERSION = YES;
				CLANG_WARN_INFINITE_RECURSION = YES;
				CLANG_WARN_INT_CONVERSION = YES;
				CLANG_WARN_NON_LITERAL_NULL_CONVERSION = YES;
				CLANG_WARN_OBJC_IMPLICIT_RETAIN_SELF = YES;
				CLANG_WARN_OBJC_LITERAL_CONVERSION = YES;
				CLANG_WARN_OBJC_ROOT_CLASS = YES_ERROR;
				CLANG_WARN_RANGE_LOOP_ANALYSIS = YES;
				CLANG_WARN_STRICT_PROTOTYPES = YES;
				CLANG_WARN_SUSPICIOUS_MOVE = YES;
				CLANG_WARN_UNGUARDED_AVAILABILITY = YES_AGGRESSIVE;
				CLANG_WARN_UNREACHABLE_CODE = YES;
				CLANG_WARN__DUPLICATE_METHOD_MATCH = YES;
				CODE_SIGN_IDENTITY = "iPhone Developer";
				COPY_PHASE_STRIP = NO;
				DEBUG_INFORMATION_FORMAT = "dwarf-with-dsym";
				ENABLE_NS_ASSERTIONS = NO;
				ENABLE_STRICT_OBJC_MSGSEND = YES;
				GCC_C_LANGUAGE_STANDARD = gnu11;
				GCC_NO_COMMON_BLOCKS = YES;
				GCC_WARN_64_TO_32_BIT_CONVERSION = YES;
				GCC_WARN_ABOUT_RETURN_TYPE = YES_ERROR;
				GCC_WARN_UNDECLARED_SELECTOR = YES;
				GCC_WARN_UNINITIALIZED_AUTOS = YES_AGGRESSIVE;
				GCC_WARN_UNUSED_FUNCTION = YES;
				GCC_WARN_UNUSED_VARIABLE = YES;
				IPHONEOS_DEPLOYMENT_TARGET = 10.0;
				MTL_ENABLE_DEBUG_INFO = NO;
				SDKROOT = iphoneos;
				SWIFT_COMPILATION_MODE = wholemodule;
				SWIFT_OPTIMIZATION_LEVEL = "-O";
				VALIDATE_PRODUCT = YES;
			};
			name = Release;
		};
		D3F632BC20B30E1C0030E9FA /* Debug */ = {
			isa = XCBuildConfiguration;
			buildSettings = {
				ASSETCATALOG_COMPILER_APPICON_NAME = AppIcon;
				CODE_SIGN_STYLE = Automatic;
				FRAMEWORK_SEARCH_PATHS = (
					"$(inherited)",
					"$(PROJECT_DIR)/Carthage/Build/iOS",
				);
				INFOPLIST_FILE = BlockchainSwift/Info.plist;
				LD_RUNPATH_SEARCH_PATHS = (
					"$(inherited)",
					"@executable_path/Frameworks",
				);
				PRODUCT_BUNDLE_IDENTIFIER = com.hongxin.BlockchainSwift;
				PRODUCT_NAME = "$(TARGET_NAME)";
				SWIFT_VERSION = 4.0;
				TARGETED_DEVICE_FAMILY = "1,2";
			};
			name = Debug;
		};
		D3F632BD20B30E1C0030E9FA /* Release */ = {
			isa = XCBuildConfiguration;
			buildSettings = {
				ASSETCATALOG_COMPILER_APPICON_NAME = AppIcon;
				CODE_SIGN_STYLE = Automatic;
				FRAMEWORK_SEARCH_PATHS = (
					"$(inherited)",
					"$(PROJECT_DIR)/Carthage/Build/iOS",
				);
				INFOPLIST_FILE = BlockchainSwift/Info.plist;
				LD_RUNPATH_SEARCH_PATHS = (
					"$(inherited)",
					"@executable_path/Frameworks",
				);
				PRODUCT_BUNDLE_IDENTIFIER = com.hongxin.BlockchainSwift;
				PRODUCT_NAME = "$(TARGET_NAME)";
				SWIFT_VERSION = 4.0;
				TARGETED_DEVICE_FAMILY = "1,2";
			};
			name = Release;
		};
		D3F632BF20B30E1C0030E9FA /* Debug */ = {
			isa = XCBuildConfiguration;
			buildSettings = {
				ALWAYS_EMBED_SWIFT_STANDARD_LIBRARIES = YES;
				BUNDLE_LOADER = "$(TEST_HOST)";
				CODE_SIGN_STYLE = Automatic;
				INFOPLIST_FILE = BlockchainSwiftTests/Info.plist;
				LD_RUNPATH_SEARCH_PATHS = (
					"$(inherited)",
					"@executable_path/Frameworks",
					"@loader_path/Frameworks",
				);
				PRODUCT_BUNDLE_IDENTIFIER = "Xin-Hong.BlockchainSwiftTests";
				PRODUCT_NAME = "$(TARGET_NAME)";
				SWIFT_VERSION = 4.0;
				TARGETED_DEVICE_FAMILY = "1,2";
				TEST_HOST = "$(BUILT_PRODUCTS_DIR)/BlockchainSwift.app/BlockchainSwift";
			};
			name = Debug;
		};
		D3F632C020B30E1C0030E9FA /* Release */ = {
			isa = XCBuildConfiguration;
			buildSettings = {
				ALWAYS_EMBED_SWIFT_STANDARD_LIBRARIES = YES;
				BUNDLE_LOADER = "$(TEST_HOST)";
				CODE_SIGN_STYLE = Automatic;
				INFOPLIST_FILE = BlockchainSwiftTests/Info.plist;
				LD_RUNPATH_SEARCH_PATHS = (
					"$(inherited)",
					"@executable_path/Frameworks",
					"@loader_path/Frameworks",
				);
				PRODUCT_BUNDLE_IDENTIFIER = "Xin-Hong.BlockchainSwiftTests";
				PRODUCT_NAME = "$(TARGET_NAME)";
				SWIFT_VERSION = 4.0;
				TARGETED_DEVICE_FAMILY = "1,2";
				TEST_HOST = "$(BUILT_PRODUCTS_DIR)/BlockchainSwift.app/BlockchainSwift";
			};
			name = Release;
		};
		D3F632C220B30E1C0030E9FA /* Debug */ = {
			isa = XCBuildConfiguration;
			buildSettings = {
				ALWAYS_EMBED_SWIFT_STANDARD_LIBRARIES = YES;
				CODE_SIGN_STYLE = Automatic;
				INFOPLIST_FILE = BlockchainSwiftUITests/Info.plist;
				LD_RUNPATH_SEARCH_PATHS = (
					"$(inherited)",
					"@executable_path/Frameworks",
					"@loader_path/Frameworks",
				);
				PRODUCT_BUNDLE_IDENTIFIER = "Xin-Hong.BlockchainSwiftUITests";
				PRODUCT_NAME = "$(TARGET_NAME)";
				SWIFT_VERSION = 4.0;
				TARGETED_DEVICE_FAMILY = "1,2";
				TEST_TARGET_NAME = BlockchainSwift;
			};
			name = Debug;
		};
		D3F632C320B30E1C0030E9FA /* Release */ = {
			isa = XCBuildConfiguration;
			buildSettings = {
				ALWAYS_EMBED_SWIFT_STANDARD_LIBRARIES = YES;
				CODE_SIGN_STYLE = Automatic;
				INFOPLIST_FILE = BlockchainSwiftUITests/Info.plist;
				LD_RUNPATH_SEARCH_PATHS = (
					"$(inherited)",
					"@executable_path/Frameworks",
					"@loader_path/Frameworks",
				);
				PRODUCT_BUNDLE_IDENTIFIER = "Xin-Hong.BlockchainSwiftUITests";
				PRODUCT_NAME = "$(TARGET_NAME)";
				SWIFT_VERSION = 4.0;
				TARGETED_DEVICE_FAMILY = "1,2";
				TEST_TARGET_NAME = BlockchainSwift;
			};
			name = Release;
		};
/* End XCBuildConfiguration section */

/* Begin XCConfigurationList section */
		D3F6328E20B30E1B0030E9FA /* Build configuration list for PBXProject "BlockchainSwift" */ = {
			isa = XCConfigurationList;
			buildConfigurations = (
				D3F632B920B30E1C0030E9FA /* Debug */,
				D3F632BA20B30E1C0030E9FA /* Release */,
			);
			defaultConfigurationIsVisible = 0;
			defaultConfigurationName = Release;
		};
		D3F632BB20B30E1C0030E9FA /* Build configuration list for PBXNativeTarget "BlockchainSwift" */ = {
			isa = XCConfigurationList;
			buildConfigurations = (
				D3F632BC20B30E1C0030E9FA /* Debug */,
				D3F632BD20B30E1C0030E9FA /* Release */,
			);
			defaultConfigurationIsVisible = 0;
			defaultConfigurationName = Release;
		};
		D3F632BE20B30E1C0030E9FA /* Build configuration list for PBXNativeTarget "BlockchainSwiftTests" */ = {
			isa = XCConfigurationList;
			buildConfigurations = (
				D3F632BF20B30E1C0030E9FA /* Debug */,
				D3F632C020B30E1C0030E9FA /* Release */,
			);
			defaultConfigurationIsVisible = 0;
			defaultConfigurationName = Release;
		};
		D3F632C120B30E1C0030E9FA /* Build configuration list for PBXNativeTarget "BlockchainSwiftUITests" */ = {
			isa = XCConfigurationList;
			buildConfigurations = (
				D3F632C220B30E1C0030E9FA /* Debug */,
				D3F632C320B30E1C0030E9FA /* Release */,
			);
			defaultConfigurationIsVisible = 0;
			defaultConfigurationName = Release;
		};
/* End XCConfigurationList section */
	};
	rootObject = D3F6328B20B30E1B0030E9FA /* Project object */;
}
